# This file is automatically @generated by Cargo.
# It is not intended for manual editing.
[[package]]
name = "char_stream"
version = "0.1.8"
source = "registry+https://github.com/rust-lang/crates.io-index"
checksum = "a84c13e86e114781646edf6b4732400fb99e5ed4a91b14625282d936d9426666"

[[package]]
name = "tilang"
version = "0.1.0"
dependencies = [
 "char_stream",
]
